{
    "_readme": [
        "This file locks the dependencies of your project to a known state",
        "Read more about it at https://getcomposer.org/doc/01-basic-usage.md#composer-lock-the-lock-file",
        "This file is @generated automatically"
    ],
    "content-hash": "164be2b6caa0415f0dd960c343889509",
    "packages": [
        {
            "name": "bramus/router",
            "version": "1.3",
            "source": {
                "type": "git",
                "url": "https://github.com/bramus/router.git",
                "reference": "1d67c5e50f979c8137dcf3cadcb06cd3c5cfe330"
            },
            "dist": {
                "type": "zip",
                "url": "https://api.github.com/repos/bramus/router/zipball/1d67c5e50f979c8137dcf3cadcb06cd3c5cfe330",
                "reference": "1d67c5e50f979c8137dcf3cadcb06cd3c5cfe330",
                "shasum": ""
            },
            "require": {
                "php": ">=5.3.0"
            },
            "require-dev": {
                "phpunit/php-code-coverage": "^2.1.0",
                "phpunit/phpunit": "4.8.*"
            },
            "type": "library",
            "autoload": {
                "psr-0": {
                    "Bramus": "src/"
                }
            },
            "notification-url": "https://packagist.org/downloads/",
            "license": [
                "MIT"
            ],
            "authors": [
                {
                    "name": "Bram(us) Van Damme",
                    "email": "bramus@bram.us",
                    "homepage": "http://www.bram.us"
                }
            ],
            "description": "A lightweight and simple object oriented PHP Router",
            "homepage": "https://github.com/bramus/router",
            "keywords": [
                "router",
                "routing"
            ],
            "time": "2017-12-21T20:37:23+00:00"
        },
        {
            "name": "ezyang/htmlpurifier",
            "version": "v4.9.3",
            "source": {
                "type": "git",
                "url": "https://github.com/ezyang/htmlpurifier.git",
                "reference": "95e1bae3182efc0f3422896a3236e991049dac69"
            },
            "dist": {
                "type": "zip",
                "url": "https://api.github.com/repos/ezyang/htmlpurifier/zipball/95e1bae3182efc0f3422896a3236e991049dac69",
                "reference": "95e1bae3182efc0f3422896a3236e991049dac69",
                "shasum": ""
            },
            "require": {
                "php": ">=5.2"
            },
            "require-dev": {
                "simpletest/simpletest": "^1.1"
            },
            "type": "library",
            "autoload": {
                "psr-0": {
                    "HTMLPurifier": "library/"
                },
                "files": [
                    "library/HTMLPurifier.composer.php"
                ]
            },
            "notification-url": "https://packagist.org/downloads/",
            "license": [
                "LGPL"
            ],
            "authors": [
                {
                    "name": "Edward Z. Yang",
                    "email": "admin@htmlpurifier.org",
                    "homepage": "http://ezyang.com"
                }
            ],
            "description": "Standards compliant HTML filter written in PHP",
            "homepage": "http://htmlpurifier.org/",
            "keywords": [
                "html"
            ],
            "time": "2017-06-03T02:28:16+00:00"
        },
        {
            "name": "filp/whoops",
            "version": "2.1.14",
            "source": {
                "type": "git",
                "url": "https://github.com/filp/whoops.git",
                "reference": "c6081b8838686aa04f1e83ba7e91f78b7b2a23e6"
            },
            "dist": {
                "type": "zip",
                "url": "https://api.github.com/repos/filp/whoops/zipball/c6081b8838686aa04f1e83ba7e91f78b7b2a23e6",
                "reference": "c6081b8838686aa04f1e83ba7e91f78b7b2a23e6",
                "shasum": ""
            },
            "require": {
                "php": "^5.5.9 || ^7.0",
                "psr/log": "^1.0.1"
            },
            "require-dev": {
                "mockery/mockery": "0.9.*",
                "phpunit/phpunit": "^4.8.35 || ^5.7",
                "symfony/var-dumper": "^2.6 || ^3.0"
            },
            "suggest": {
                "symfony/var-dumper": "Pretty print complex values better with var-dumper available",
                "whoops/soap": "Formats errors as SOAP responses"
            },
            "type": "library",
            "extra": {
                "branch-alias": {
                    "dev-master": "2.0-dev"
                }
            },
            "autoload": {
                "psr-4": {
                    "Whoops\\": "src/Whoops/"
                }
            },
            "notification-url": "https://packagist.org/downloads/",
            "license": [
                "MIT"
            ],
            "authors": [
                {
                    "name": "Filipe Dobreira",
                    "homepage": "https://github.com/filp",
                    "role": "Developer"
                }
            ],
            "description": "php error handling for cool kids",
            "homepage": "https://filp.github.io/whoops/",
            "keywords": [
                "error",
                "exception",
                "handling",
                "library",
                "throwable",
                "whoops"
            ],
            "time": "2017-11-23T18:22:44+00:00"
        },
        {
            "name": "psr/log",
            "version": "1.0.2",
            "source": {
                "type": "git",
                "url": "https://github.com/php-fig/log.git",
                "reference": "4ebe3a8bf773a19edfe0a84b6585ba3d401b724d"
            },
            "dist": {
                "type": "zip",
                "url": "https://api.github.com/repos/php-fig/log/zipball/4ebe3a8bf773a19edfe0a84b6585ba3d401b724d",
                "reference": "4ebe3a8bf773a19edfe0a84b6585ba3d401b724d",
                "shasum": ""
            },
            "require": {
                "php": ">=5.3.0"
            },
            "type": "library",
            "extra": {
                "branch-alias": {
                    "dev-master": "1.0.x-dev"
                }
            },
            "autoload": {
                "psr-4": {
                    "Psr\\Log\\": "Psr/Log/"
                }
            },
            "notification-url": "https://packagist.org/downloads/",
            "license": [
                "MIT"
            ],
            "authors": [
                {
                    "name": "PHP-FIG",
                    "homepage": "http://www.php-fig.org/"
                }
            ],
            "description": "Common interface for logging libraries",
            "homepage": "https://github.com/php-fig/log",
            "keywords": [
                "log",
                "psr",
                "psr-3"
            ],
            "time": "2016-10-10T12:19:37+00:00"
        },
        {
            "name": "symfony/polyfill-mbstring",
            "version": "v1.6.0",
            "source": {
                "type": "git",
                "url": "https://github.com/symfony/polyfill-mbstring.git",
                "reference": "2ec8b39c38cb16674bbf3fea2b6ce5bf117e1296"
            },
            "dist": {
                "type": "zip",
                "url": "https://api.github.com/repos/symfony/polyfill-mbstring/zipball/2ec8b39c38cb16674bbf3fea2b6ce5bf117e1296",
                "reference": "2ec8b39c38cb16674bbf3fea2b6ce5bf117e1296",
                "shasum": ""
            },
            "require": {
                "php": ">=5.3.3"
            },
            "suggest": {
                "ext-mbstring": "For best performance"
            },
            "type": "library",
            "extra": {
                "branch-alias": {
                    "dev-master": "1.6-dev"
                }
            },
            "autoload": {
                "psr-4": {
                    "Symfony\\Polyfill\\Mbstring\\": ""
                },
                "files": [
                    "bootstrap.php"
                ]
            },
            "notification-url": "https://packagist.org/downloads/",
            "license": [
                "MIT"
            ],
            "authors": [
                {
                    "name": "Nicolas Grekas",
                    "email": "p@tchwork.com"
                },
                {
                    "name": "Symfony Community",
                    "homepage": "https://symfony.com/contributors"
                }
            ],
            "description": "Symfony polyfill for the Mbstring extension",
            "homepage": "https://symfony.com",
            "keywords": [
                "compatibility",
                "mbstring",
                "polyfill",
                "portable",
                "shim"
            ],
            "time": "2017-10-11T12:05:26+00:00"
        },
        {
            "name": "twig/twig",
            "version": "v2.4.4",
            "source": {
                "type": "git",
                "url": "https://github.com/twigphp/Twig.git",
                "reference": "eddb97148ad779f27e670e1e3f19fb323aedafeb"
            },
            "dist": {
                "type": "zip",
                "url": "https://api.github.com/repos/twigphp/Twig/zipball/eddb97148ad779f27e670e1e3f19fb323aedafeb",
                "reference": "eddb97148ad779f27e670e1e3f19fb323aedafeb",
                "shasum": ""
            },
            "require": {
                "php": "^7.0",
                "symfony/polyfill-mbstring": "~1.0"
            },
            "require-dev": {
                "psr/container": "^1.0",
                "symfony/debug": "~2.7",
                "symfony/phpunit-bridge": "~3.3@dev"
            },
            "type": "library",
            "extra": {
                "branch-alias": {
                    "dev-master": "2.4-dev"
                }
            },
            "autoload": {
                "psr-0": {
                    "Twig_": "lib/"
                },
                "psr-4": {
                    "Twig\\": "src/"
                }
            },
            "notification-url": "https://packagist.org/downloads/",
            "license": [
                "BSD-3-Clause"
            ],
            "authors": [
                {
                    "name": "Fabien Potencier",
                    "email": "fabien@symfony.com",
                    "homepage": "http://fabien.potencier.org",
                    "role": "Lead Developer"
                },
                {
                    "name": "Armin Ronacher",
                    "email": "armin.ronacher@active-4.com",
                    "role": "Project Founder"
                },
                {
                    "name": "Twig Team",
                    "homepage": "http://twig.sensiolabs.org/contributors",
                    "role": "Contributors"
                }
            ],
            "description": "Twig, the flexible, fast, and secure template language for PHP",
            "homepage": "http://twig.sensiolabs.org",
            "keywords": [
                "templating"
            ],
            "time": "2017-09-27T18:10:31+00:00"
        },
        {
            "name": "usmanhalalit/pixie",
            "version": "2.x-dev",
            "source": {
                "type": "git",
                "url": "https://github.com/usmanhalalit/pixie.git",
                "reference": "648090e2d967a4a4de6c78bc465790217785facb"
            },
            "dist": {
                "type": "zip",
                "url": "https://api.github.com/repos/usmanhalalit/pixie/zipball/648090e2d967a4a4de6c78bc465790217785facb",
                "reference": "648090e2d967a4a4de6c78bc465790217785facb",
                "shasum": ""
            },
            "require": {
                "php": ">=5.4.0",
                "usmanhalalit/viocon": "1.0.*@dev"
            },
            "require-dev": {
                "mockery/mockery": "0.9.4",
                "phpunit/phpunit": "^4.8"
            },
            "type": "library",
            "autoload": {
                "psr-0": {
                    "Pixie": "src/"
                }
            },
            "notification-url": "https://packagist.org/downloads/",
            "license": [
                "MIT"
            ],
            "authors": [
                {
                    "name": "Muhammad Usman",
                    "email": "hi@usman.it",
                    "role": "Developer"
                },
                {
                    "name": "Pavel Puchkin",
                    "email": "i@neoascetic.me",
                    "role": "Developer"
                }
            ],
            "description": "A lightweight, expressive, framework agnostic query builder for PHP.",
            "homepage": "https://github.com/usmanhalalit/pixie",
            "keywords": [
                "database",
                "mysql",
                "postgresql",
                "query builder",
                "sql",
                "sqlite"
            ],
            "time": "2017-10-17T07:17:04+00:00"
        },
        {
            "name": "usmanhalalit/viocon",
            "version": "1.0.1",
            "source": {
                "type": "git",
                "url": "https://github.com/usmanhalalit/viocon.git",
                "reference": "0878afee16f15355971fb95bf3c6d297aceff35d"
            },
            "dist": {
                "type": "zip",
                "url": "https://api.github.com/repos/usmanhalalit/viocon/zipball/0878afee16f15355971fb95bf3c6d297aceff35d",
                "reference": "0878afee16f15355971fb95bf3c6d297aceff35d",
                "shasum": ""
            },
            "require": {
                "php": ">=5.3.0"
            },
            "require-dev": {
                "phpunit/phpunit": "3.7.*"
            },
            "type": "library",
            "autoload": {
                "psr-0": {
                    "Viocon": "src/"
                }
            },
            "notification-url": "https://packagist.org/downloads/",
            "license": [
                "MIT"
            ],
            "authors": [
                {
                    "name": "Muhammad Usman",
                    "email": "hi@usman.it",
                    "role": "Developer"
                }
            ],
            "description": "A simple and flexible Dependency Injection container for PHP.",
            "homepage": "https://github.com/usmanhalalit/viocon",
            "keywords": [
                "container",
                "di",
                "ioc",
                "test"
            ],
            "time": "2013-07-13T19:54:56+00:00"
        }
    ],
    "packages-dev": [],
    "aliases": [],
    "minimum-stability": "stable",
    "stability-flags": {
        "usmanhalalit/pixie": 20
    },
    "prefer-stable": false,
    "prefer-lowest": false,
    "platform": [],
    "platform-dev": []
}
